
Microsoft Visual Studio Solution File, Format Version 12.00
# Visual Studio Version 16
VisualStudioVersion = 16.0.29728.190
MinimumVisualStudioVersion = 10.0.40219.1
Project("{FAE04EC0-301F-11D3-BF4B-00C04F79EFBC}") = "MassAssignment", "MassAssignment.csproj", "{15F05CA0-29D1-4DC1-A711-5DB0A5553061}"
EndProject
Global
	GlobalSection(SolutionConfigurationPlatforms) = preSolution
		Debug|Any CPU = Debug|Any CPU
		Release|Any CPU = Release|Any CPU
	EndGlobalSection
	GlobalSection(ProjectConfigurationPlatforms) = postSolution
		{15F05CA0-29D1-4DC1-A711-5DB0A5553061}.Debug|Any CPU.ActiveCfg = Debug|Any CPU
		{15F05CA0-29D1-4DC1-A711-5DB0A5553061}.Debug|Any CPU.Build.0 = Debug|Any CPU
		{15F05CA0-29D1-4DC1-A711-5DB0A5553061}.Release|Any CPU.ActiveCfg = Release|Any CPU
		{15F05CA0-29D1-4DC1-A711-5DB0A5553061}.Release|Any CPU.Build.0 = Release|Any CPU
	EndGlobalSection
	GlobalSection(SolutionProperties) = preSolution
		HideSolutionNode = FALSE
	EndGlobalSection
	GlobalSection(ExtensibilityGlobals) = postSolution
		SolutionGuid = {E5BF8268-735A-4301-9FE9-85394DD2EF1E}
	EndGlobalSection
EndGlobal
